
Microsoft Visual Studio Solution File, Format Version 12.00
# Visual Studio 15
VisualStudioVersion = 15.0.28307.1209
MinimumVisualStudioVersion = 10.0.40219.1
Project("{8BC9CEB8-8B4A-11D0-8D11-00A0C91BC942}") = "21static", "21static\21static.vcxproj", "{D4DF8862-62AC-4C4F-893F-9985A857F944}"
EndProject
Global
	GlobalSection(SolutionConfigurationPlatforms) = preSolution
		Debug|x64 = Debug|x64
		Debug|x86 = Debug|x86
		Release|x64 = Release|x64
		Release|x86 = Release|x86
	EndGlobalSection
	GlobalSection(ProjectConfigurationPlatforms) = postSolution
		{D4DF8862-62AC-4C4F-893F-9985A857F944}.Debug|x64.ActiveCfg = Debug|x64
		{D4DF8862-62AC-4C4F-893F-9985A857F944}.Debug|x64.Build.0 = Debug|x64
		{D4DF8862-62AC-4C4F-893F-9985A857F944}.Debug|x86.ActiveCfg = Debug|Win32
		{D4DF8862-62AC-4C4F-893F-9985A857F944}.Debug|x86.Build.0 = Debug|Win32
		{D4DF8862-62AC-4C4F-893F-9985A857F944}.Release|x64.ActiveCfg = Release|x64
		{D4DF8862-62AC-4C4F-893F-9985A857F944}.Release|x64.Build.0 = Release|x64
		{D4DF8862-62AC-4C4F-893F-9985A857F944}.Release|x86.ActiveCfg = Release|Win32
		{D4DF8862-62AC-4C4F-893F-9985A857F944}.Release|x86.Build.0 = Release|Win32
	EndGlobalSection
	GlobalSection(SolutionProperties) = preSolution
		HideSolutionNode = FALSE
	EndGlobalSection
	GlobalSection(ExtensibilityGlobals) = postSolution
		SolutionGuid = {6054EABA-6125-44A1-BCFF-3CA4DEAC5BBF}
	EndGlobalSection
EndGlobal
