
Microsoft Visual Studio Solution File, Format Version 12.00
# Visual Studio 15
VisualStudioVersion = 15.0.28307.1209
MinimumVisualStudioVersion = 10.0.40219.1
Project("{8BC9CEB8-8B4A-11D0-8D11-00A0C91BC942}") = "07Linker", "07Linker\07Linker.vcxproj", "{DCD01D5B-91B2-4438-94D2-1CDD799BEA0F}"
EndProject
Global
	GlobalSection(SolutionConfigurationPlatforms) = preSolution
		Debug|x64 = Debug|x64
		Debug|x86 = Debug|x86
		Release|x64 = Release|x64
		Release|x86 = Release|x86
	EndGlobalSection
	GlobalSection(ProjectConfigurationPlatforms) = postSolution
		{DCD01D5B-91B2-4438-94D2-1CDD799BEA0F}.Debug|x64.ActiveCfg = Debug|x64
		{DCD01D5B-91B2-4438-94D2-1CDD799BEA0F}.Debug|x64.Build.0 = Debug|x64
		{DCD01D5B-91B2-4438-94D2-1CDD799BEA0F}.Debug|x86.ActiveCfg = Debug|Win32
		{DCD01D5B-91B2-4438-94D2-1CDD799BEA0F}.Debug|x86.Build.0 = Debug|Win32
		{DCD01D5B-91B2-4438-94D2-1CDD799BEA0F}.Release|x64.ActiveCfg = Release|x64
		{DCD01D5B-91B2-4438-94D2-1CDD799BEA0F}.Release|x64.Build.0 = Release|x64
		{DCD01D5B-91B2-4438-94D2-1CDD799BEA0F}.Release|x86.ActiveCfg = Release|Win32
		{DCD01D5B-91B2-4438-94D2-1CDD799BEA0F}.Release|x86.Build.0 = Release|Win32
	EndGlobalSection
	GlobalSection(SolutionProperties) = preSolution
		HideSolutionNode = FALSE
	EndGlobalSection
	GlobalSection(ExtensibilityGlobals) = postSolution
		SolutionGuid = {4167CD53-4E72-4655-AD0F-A3555BDEED33}
	EndGlobalSection
EndGlobal
